lockfileVersion: '9.0'

settings:
  autoInstallPeers: true
  excludeLinksFromLockfile: false

importers:

  .:
    devDependencies:
      '@deepseek-ai/cordis':
        specifier: link:../deepseek-harness-master/vendor/cordis
        version: link:../deepseek-harness-master/vendor/cordis
      '@deepseek-ai/cordis-plugin-loader':
        specifier: link:../deepseek-harness-master/vendor/loader
        version: link:../deepseek-harness-master/vendor/loader
      '@deepseek-ai/dsh-agent':
        specifier: link:../deepseek-harness-master/packages/core/agent
        version: link:../deepseek-harness-master/packages/core/agent
      '@deepseek-ai/dsh-home-paths':
        specifier: link:../deepseek-harness-master/packages/util/home-paths
        version: link:../deepseek-harness-master/packages/util/home-paths
      '@deepseek-ai/dsh-invariants':
        specifier: link:../deepseek-harness-master/packages/runtime-diagnostics/invariants
        version: link:../deepseek-harness-master/packages/runtime-diagnostics/invariants
      '@deepseek-ai/dsh-subagent':
        specifier: link:../deepseek-harness-master/packages/subagent/subagent
        version: link:../deepseek-harness-master/packages/subagent/subagent
      '@deepseek-ai/dsh-subprocess':
        specifier: link:../deepseek-harness-master/packages/subprocess/subprocess
        version: link:../deepseek-harness-master/packages/subprocess/subprocess
      '@deepseek-ai/dsh-subprocess-local':
        specifier: link:../deepseek-harness-master/packages/subprocess/subprocess-local
        version: link:../deepseek-harness-master/packages/subprocess/subprocess-local
      '@deepseek-ai/dsh-system-prompt':
        specifier: link:../deepseek-harness-master/packages/core/system-prompt
        version: link:../deepseek-harness-master/packages/core/system-prompt
      '@deepseek-ai/dsh-tools':
        specifier: link:../deepseek-harness-master/packages/core/tools
        version: link:../deepseek-harness-master/packages/core/tools
      '@deepseek-ai/schemastery':
        specifier: link:../deepseek-harness-master/vendor/schemastery
        version: link:../deepseek-harness-master/vendor/schemastery
      '@types/node':
        specifier: link:../deepseek-harness-master/node_modules/@types/node
        version: link:../deepseek-harness-master/node_modules/@types/node
      oxlint:
        specifier: link:../deepseek-harness-master/node_modules/oxlint
        version: link:../deepseek-harness-master/node_modules/oxlint
      typescript:
        specifier: link:../deepseek-harness-master/node_modules/typescript
        version: link:../deepseek-harness-master/node_modules/typescript
      vitest:
        specifier: link:../deepseek-harness-master/node_modules/vitest
        version: link:../deepseek-harness-master/node_modules/vitest
